
Microsoft Visual Studio Solution File, Format Version 12.00
# Visual Studio Version 17
VisualStudioVersion = 17.8.34330.188
MinimumVisualStudioVersion = 10.0.40219.1
Project("{9A19103F-16F7-4668-BE54-9A1E7A4F7556}") = "waterways_net", "waterways_net.csproj", "{790D467B-B3E1-4CA8-A637-D26D7E58E58C}"
EndProject
Global
	GlobalSection(SolutionConfigurationPlatforms) = preSolution
		Debug|Any CPU = Debug|Any CPU
		ExportDebug|Any CPU = ExportDebug|Any CPU
		ExportRelease|Any CPU = ExportRelease|Any CPU
	EndGlobalSection
	GlobalSection(ProjectConfigurationPlatforms) = postSolution
		{790D467B-B3E1-4CA8-A637-D26D7E58E58C}.Debug|Any CPU.ActiveCfg = Debug|Any CPU
		{790D467B-B3E1-4CA8-A637-D26D7E58E58C}.Debug|Any CPU.Build.0 = Debug|Any CPU
		{790D467B-B3E1-4CA8-A637-D26D7E58E58C}.ExportDebug|Any CPU.ActiveCfg = ExportDebug|Any CPU
		{790D467B-B3E1-4CA8-A637-D26D7E58E58C}.ExportDebug|Any CPU.Build.0 = ExportDebug|Any CPU
		{790D467B-B3E1-4CA8-A637-D26D7E58E58C}.ExportRelease|Any CPU.ActiveCfg = ExportRelease|Any CPU
		{790D467B-B3E1-4CA8-A637-D26D7E58E58C}.ExportRelease|Any CPU.Build.0 = ExportRelease|Any CPU
	EndGlobalSection
	GlobalSection(SolutionProperties) = preSolution
		HideSolutionNode = FALSE
	EndGlobalSection
EndGlobal
